{
  "originHash" : "2ea7a741b09863a45a5e1ae322276f6b2a5b16e280bf0c539dab62d43cf4d2c4",
  "pins" : [
    {
      "identity" : "grdb.swift",
      "kind" : "remoteSourceControl",
      "location" : "https://github.com/groue/GRDB.swift",
      "state" : {
        "revision" : "36e30a6f1ef10e4194f6af0cff90888526f0c115",
        "version" : "7.10.0"
      }
    },
    {
      "identity" : "swiftui-flow",
      "kind" : "remoteSourceControl",
      "location" : "https://github.com/tevelee/SwiftUI-Flow",
      "state" : {
        "revision" : "d227f999b2894ab737ef5786d9b14d02d3e5362e",
        "version" : "3.1.1"
      }
    }
  ],
  "version" : 3
}
